
Microsoft Visual Studio Solution File, Format Version 12.00
# Visual Studio Version 17
VisualStudioVersion = 17.0.31903.59
MinimumVisualStudioVersion = 10.0.40219.1
Project("{FAE04EC0-301F-11D3-BF4B-00C04F79EFBC}") = "test.API", "test.API\test.API.csproj", "{A18E8818-49DF-40AA-8620-F39BC465938C}"
EndProject
Project("{FAE04EC0-301F-11D3-BF4B-00C04F79EFBC}") = "test.Application", "test.Application\test.Application.csproj", "{14DFE5AF-6AD5-476E-93A9-030BA47884FE}"
EndProject
Project("{FAE04EC0-301F-11D3-BF4B-00C04F79EFBC}") = "test.Domain", "test.Domain\test.Domain.csproj", "{7793EC49-0D46-4A8F-8846-7969D614D99C}"
EndProject
Project("{FAE04EC0-301F-11D3-BF4B-00C04F79EFBC}") = "test.Infrastructure", "test.Infrastructure\test.Infrastructure.csproj", "{E1955A08-83CB-4EEB-A6B8-FAEDDC56CF87}"
EndProject
Global
	GlobalSection(SolutionConfigurationPlatforms) = preSolution
		Debug|Any CPU = Debug|Any CPU
		Release|Any CPU = Release|Any CPU
	EndGlobalSection
	GlobalSection(SolutionProperties) = preSolution
		HideSolutionNode = FALSE
	EndGlobalSection
	GlobalSection(ProjectConfigurationPlatforms) = postSolution
		{A18E8818-49DF-40AA-8620-F39BC465938C}.Debug|Any CPU.ActiveCfg = Debug|Any CPU
		{A18E8818-49DF-40AA-8620-F39BC465938C}.Debug|Any CPU.Build.0 = Debug|Any CPU
		{A18E8818-49DF-40AA-8620-F39BC465938C}.Release|Any CPU.ActiveCfg = Release|Any CPU
		{A18E8818-49DF-40AA-8620-F39BC465938C}.Release|Any CPU.Build.0 = Release|Any CPU
		{14DFE5AF-6AD5-476E-93A9-030BA47884FE}.Debug|Any CPU.ActiveCfg = Debug|Any CPU
		{14DFE5AF-6AD5-476E-93A9-030BA47884FE}.Debug|Any CPU.Build.0 = Debug|Any CPU
		{14DFE5AF-6AD5-476E-93A9-030BA47884FE}.Release|Any CPU.ActiveCfg = Release|Any CPU
		{14DFE5AF-6AD5-476E-93A9-030BA47884FE}.Release|Any CPU.Build.0 = Release|Any CPU
		{7793EC49-0D46-4A8F-8846-7969D614D99C}.Debug|Any CPU.ActiveCfg = Debug|Any CPU
		{7793EC49-0D46-4A8F-8846-7969D614D99C}.Debug|Any CPU.Build.0 = Debug|Any CPU
		{7793EC49-0D46-4A8F-8846-7969D614D99C}.Release|Any CPU.ActiveCfg = Release|Any CPU
		{7793EC49-0D46-4A8F-8846-7969D614D99C}.Release|Any CPU.Build.0 = Release|Any CPU
		{E1955A08-83CB-4EEB-A6B8-FAEDDC56CF87}.Debug|Any CPU.ActiveCfg = Debug|Any CPU
		{E1955A08-83CB-4EEB-A6B8-FAEDDC56CF87}.Debug|Any CPU.Build.0 = Debug|Any CPU
		{E1955A08-83CB-4EEB-A6B8-FAEDDC56CF87}.Release|Any CPU.ActiveCfg = Release|Any CPU
		{E1955A08-83CB-4EEB-A6B8-FAEDDC56CF87}.Release|Any CPU.Build.0 = Release|Any CPU
	EndGlobalSection
EndGlobal
