
Microsoft Visual Studio Solution File, Format Version 12.00
# Visual Studio Version 17
VisualStudioVersion = 17.0.31903.59
MinimumVisualStudioVersion = 10.0.40219.1
Project("{FAE04EC0-301F-11D3-BF4B-00C04F79EFBC}") = "EventService.API", "EventService.API\EventService.API.csproj", "{BADAEE43-2107-4AFF-B2BF-276340FB725B}"
EndProject
Project("{FAE04EC0-301F-11D3-BF4B-00C04F79EFBC}") = "EventService.Application", "EventService.Application\EventService.Application.csproj", "{52845837-2ED9-48C2-A4E7-D095552FD17B}"
EndProject
Project("{FAE04EC0-301F-11D3-BF4B-00C04F79EFBC}") = "EventService.Domain", "EventService.Domain\EventService.Domain.csproj", "{05BCC38B-FFA0-4815-925C-18D851DA4CFB}"
EndProject
Project("{FAE04EC0-301F-11D3-BF4B-00C04F79EFBC}") = "EventService.Infrastructure", "EventService.Infrastructure\EventService.Infrastructure.csproj", "{05C14776-B27C-4B9B-93DE-2BE18680483E}"
EndProject
Global
	GlobalSection(SolutionConfigurationPlatforms) = preSolution
		Debug|Any CPU = Debug|Any CPU
		Release|Any CPU = Release|Any CPU
	EndGlobalSection
	GlobalSection(SolutionProperties) = preSolution
		HideSolutionNode = FALSE
	EndGlobalSection
	GlobalSection(ProjectConfigurationPlatforms) = postSolution
		{BADAEE43-2107-4AFF-B2BF-276340FB725B}.Debug|Any CPU.ActiveCfg = Debug|Any CPU
		{BADAEE43-2107-4AFF-B2BF-276340FB725B}.Debug|Any CPU.Build.0 = Debug|Any CPU
		{BADAEE43-2107-4AFF-B2BF-276340FB725B}.Release|Any CPU.ActiveCfg = Release|Any CPU
		{BADAEE43-2107-4AFF-B2BF-276340FB725B}.Release|Any CPU.Build.0 = Release|Any CPU
		{52845837-2ED9-48C2-A4E7-D095552FD17B}.Debug|Any CPU.ActiveCfg = Debug|Any CPU
		{52845837-2ED9-48C2-A4E7-D095552FD17B}.Debug|Any CPU.Build.0 = Debug|Any CPU
		{52845837-2ED9-48C2-A4E7-D095552FD17B}.Release|Any CPU.ActiveCfg = Release|Any CPU
		{52845837-2ED9-48C2-A4E7-D095552FD17B}.Release|Any CPU.Build.0 = Release|Any CPU
		{05BCC38B-FFA0-4815-925C-18D851DA4CFB}.Debug|Any CPU.ActiveCfg = Debug|Any CPU
		{05BCC38B-FFA0-4815-925C-18D851DA4CFB}.Debug|Any CPU.Build.0 = Debug|Any CPU
		{05BCC38B-FFA0-4815-925C-18D851DA4CFB}.Release|Any CPU.ActiveCfg = Release|Any CPU
		{05BCC38B-FFA0-4815-925C-18D851DA4CFB}.Release|Any CPU.Build.0 = Release|Any CPU
		{05C14776-B27C-4B9B-93DE-2BE18680483E}.Debug|Any CPU.ActiveCfg = Debug|Any CPU
		{05C14776-B27C-4B9B-93DE-2BE18680483E}.Debug|Any CPU.Build.0 = Debug|Any CPU
		{05C14776-B27C-4B9B-93DE-2BE18680483E}.Release|Any CPU.ActiveCfg = Release|Any CPU
		{05C14776-B27C-4B9B-93DE-2BE18680483E}.Release|Any CPU.Build.0 = Release|Any CPU
	EndGlobalSection
EndGlobal
