
Microsoft Visual Studio Solution File, Format Version 12.00
# Visual Studio Version 17
VisualStudioVersion = 17.0.31903.59
MinimumVisualStudioVersion = 10.0.40219.1
Project("{FAE04EC0-301F-11D3-BF4B-00C04F79EFBC}") = "Metrics.API", "Metrics.API\Metrics.API.csproj", "{FC8B30DA-4D1C-4B3C-9FB1-2562331A20A4}"
EndProject
Project("{FAE04EC0-301F-11D3-BF4B-00C04F79EFBC}") = "Metrics.Application", "Metrics.Application\Metrics.Application.csproj", "{E3B76BC8-7B1E-4129-991C-60537E7F67F0}"
EndProject
Project("{FAE04EC0-301F-11D3-BF4B-00C04F79EFBC}") = "Metrics.Domain", "Metrics.Domain\Metrics.Domain.csproj", "{EFB60E60-D7E8-4AC5-BD2D-BA16A973E71F}"
EndProject
Project("{FAE04EC0-301F-11D3-BF4B-00C04F79EFBC}") = "Metrics.Infrastructure", "Metrics.Infrastructure\Metrics.Infrastructure.csproj", "{12AB2BF4-22A3-44C5-84FF-EA60EB52FE7D}"
EndProject
Global
	GlobalSection(SolutionConfigurationPlatforms) = preSolution
		Debug|Any CPU = Debug|Any CPU
		Release|Any CPU = Release|Any CPU
	EndGlobalSection
	GlobalSection(SolutionProperties) = preSolution
		HideSolutionNode = FALSE
	EndGlobalSection
	GlobalSection(ProjectConfigurationPlatforms) = postSolution
		{FC8B30DA-4D1C-4B3C-9FB1-2562331A20A4}.Debug|Any CPU.ActiveCfg = Debug|Any CPU
		{FC8B30DA-4D1C-4B3C-9FB1-2562331A20A4}.Debug|Any CPU.Build.0 = Debug|Any CPU
		{FC8B30DA-4D1C-4B3C-9FB1-2562331A20A4}.Release|Any CPU.ActiveCfg = Release|Any CPU
		{FC8B30DA-4D1C-4B3C-9FB1-2562331A20A4}.Release|Any CPU.Build.0 = Release|Any CPU
		{E3B76BC8-7B1E-4129-991C-60537E7F67F0}.Debug|Any CPU.ActiveCfg = Debug|Any CPU
		{E3B76BC8-7B1E-4129-991C-60537E7F67F0}.Debug|Any CPU.Build.0 = Debug|Any CPU
		{E3B76BC8-7B1E-4129-991C-60537E7F67F0}.Release|Any CPU.ActiveCfg = Release|Any CPU
		{E3B76BC8-7B1E-4129-991C-60537E7F67F0}.Release|Any CPU.Build.0 = Release|Any CPU
		{EFB60E60-D7E8-4AC5-BD2D-BA16A973E71F}.Debug|Any CPU.ActiveCfg = Debug|Any CPU
		{EFB60E60-D7E8-4AC5-BD2D-BA16A973E71F}.Debug|Any CPU.Build.0 = Debug|Any CPU
		{EFB60E60-D7E8-4AC5-BD2D-BA16A973E71F}.Release|Any CPU.ActiveCfg = Release|Any CPU
		{EFB60E60-D7E8-4AC5-BD2D-BA16A973E71F}.Release|Any CPU.Build.0 = Release|Any CPU
		{12AB2BF4-22A3-44C5-84FF-EA60EB52FE7D}.Debug|Any CPU.ActiveCfg = Debug|Any CPU
		{12AB2BF4-22A3-44C5-84FF-EA60EB52FE7D}.Debug|Any CPU.Build.0 = Debug|Any CPU
		{12AB2BF4-22A3-44C5-84FF-EA60EB52FE7D}.Release|Any CPU.ActiveCfg = Release|Any CPU
		{12AB2BF4-22A3-44C5-84FF-EA60EB52FE7D}.Release|Any CPU.Build.0 = Release|Any CPU
	EndGlobalSection
EndGlobal
